
Microsoft Visual Studio Solution File, Format Version 12.00
# Visual Studio Version 17
VisualStudioVersion = 17.13.35828.75 d17.13
MinimumVisualStudioVersion = 10.0.40219.1
Project("{FAE04EC0-301F-11D3-BF4B-00C04F79EFBC}") = "JWTIdentity.API", "JWTIdentity.API\JWTIdentity.API.csproj", "{1C7DAC9A-5241-42CE-8174-AB205829552C}"
EndProject
Global
	GlobalSection(SolutionConfigurationPlatforms) = preSolution
		Debug|Any CPU = Debug|Any CPU
		Release|Any CPU = Release|Any CPU
	EndGlobalSection
	GlobalSection(ProjectConfigurationPlatforms) = postSolution
		{1C7DAC9A-5241-42CE-8174-AB205829552C}.Debug|Any CPU.ActiveCfg = Debug|Any CPU
		{1C7DAC9A-5241-42CE-8174-AB205829552C}.Debug|Any CPU.Build.0 = Debug|Any CPU
		{1C7DAC9A-5241-42CE-8174-AB205829552C}.Release|Any CPU.ActiveCfg = Release|Any CPU
		{1C7DAC9A-5241-42CE-8174-AB205829552C}.Release|Any CPU.Build.0 = Release|Any CPU
	EndGlobalSection
	GlobalSection(SolutionProperties) = preSolution
		HideSolutionNode = FALSE
	EndGlobalSection
	GlobalSection(ExtensibilityGlobals) = postSolution
		SolutionGuid = {339B529C-91C0-4F55-9837-AEFF74329973}
	EndGlobalSection
EndGlobal
